<?xml version="1.0" encoding="utf-8"?>
<Project ToolsVersion="4.0" xmlns="http://schemas.microsoft.com/developer/msbuild/2003">
  <ItemGroup>
    <Filter Include="Source Files">
      <UniqueIdentifier>{4FC737F1-C7A5-4376-A066-2A32D752A2FF}</UniqueIdentifier>
      <Extensions>cpp;c;cc;cxx;c++;cppm;ixx;def;odl;idl;hpj;bat;asm;asmx</Extensions>
    </Filter>
    <Filter Include="Header Files">
      <UniqueIdentifier>{93995380-89BD-4b04-88EB-625FBE52EBFB}</UniqueIdentifier>
      <Extensions>h;hh;hpp;hxx;h++;hm;inl;inc;ipp;xsd</Extensions>
    </Filter>
    <Filter Include="Render">
      <UniqueIdentifier>{c5a5fa1b-f6bd-4d10-9588-95acb71ea78f}</UniqueIdentifier>
    </Filter>
    <Filter Include="Physics">
      <UniqueIdentifier>{075233bc-8469-4d98-ac26-e52b57ddcb5b}</UniqueIdentifier>
    </Filter>
  </ItemGroup>
  <ItemGroup>
    <ClInclude Include="Core\Camera.h">
      <Filter>Header Files</Filter>
    </ClInclude>
    <ClInclude Include="Core\Canvas.h">
      <Filter>Header Files</Filter>
    </ClInclude>
    <ClInclude Include="Core\Component.h">
      <Filter>Header Files</Filter>
    </ClInclude>
    <ClInclude Include="Core\Debug.h">
      <Filter>Header Files</Filter>
    </ClInclude>
    <ClInclude Include="Core\Engine.h">
      <Filter>Header Files</Filter>
    </ClInclude>
    <ClInclude Include="Core\Event.h">
      <Filter>Header Files</Filter>
    </ClInclude>
    <ClInclude Include="Core\Gameobject.h">
      <Filter>Header Files</Filter>
    </ClInclude>
    <ClInclude Include="Core\Gizmos.h">
      <Filter>Header Files</Filter>
    </ClInclude>
    <ClInclude Include="Core\Input.h">
      <Filter>Header Files</Filter>
    </ClInclude>
    <ClInclude Include="Core\List.h">
      <Filter>Header Files</Filter>
    </ClInclude>
    <ClInclude Include="Core\Random.h">
      <Filter>Header Files</Filter>
    </ClInclude>
    <ClInclude Include="Core\Scene.h">
      <Filter>Header Files</Filter>
    </ClInclude>
    <ClInclude Include="Core\SceneManager.h">
      <Filter>Header Files</Filter>
    </ClInclude>
    <ClInclude Include="Core\String.h">
      <Filter>Header Files</Filter>
    </ClInclude>
    <ClInclude Include="Core\Time.h">
      <Filter>Header Files</Filter>
    </ClInclude>
    <ClInclude Include="Core\UIElement.h">
      <Filter>Header Files</Filter>
    </ClInclude>
    <ClInclude Include="Core\Window.h">
      <Filter>Header Files</Filter>
    </ClInclude>
    <ClInclude Include="Core\SpriteRenderer.h">
      <Filter>Render</Filter>
    </ClInclude>
    <ClInclude Include="Core\ShapeRenderer.h">
      <Filter>Render</Filter>
    </ClInclude>
    <ClInclude Include="Core\TextRenderer.h">
      <Filter>Render</Filter>
    </ClInclude>
    <ClInclude Include="Core\Renderer.h">
      <Filter>Render</Filter>
    </ClInclude>
    <ClInclude Include="Core\Vector.h">
      <Filter>Physics</Filter>
    </ClInclude>
    <ClInclude Include="Core\Physics.h">
      <Filter>Physics</Filter>
    </ClInclude>
    <ClInclude Include="Core\Mathf.h">
      <Filter>Physics</Filter>
    </ClInclude>
    <ClInclude Include="Core\Line.h">
      <Filter>Physics</Filter>
    </ClInclude>
    <ClInclude Include="Core\Collider.h">
      <Filter>Physics</Filter>
    </ClInclude>
    <ClInclude Include="Core\CircleCollider.h">
      <Filter>Physics</Filter>
    </ClInclude>
    <ClInclude Include="Core\Bounds.h">
      <Filter>Physics</Filter>
    </ClInclude>
    <ClInclude Include="Core\RectCollider.h">
      <Filter>Physics</Filter>
    </ClInclude>
    <ClInclude Include="Core\Rigidbody.h">
      <Filter>Physics</Filter>
    </ClInclude>
    <ClInclude Include="Core\commonh.h">
      <Filter>Header Files</Filter>
    </ClInclude>
    <ClInclude Include="Core\Audio.h">
      <Filter>Header Files</Filter>
    </ClInclude>
  </ItemGroup>
  <ItemGroup>
    <ClCompile Include="Core\Camera.cpp">
      <Filter>Source Files</Filter>
    </ClCompile>
    <ClCompile Include="Core\Canvas.cpp">
      <Filter>Source Files</Filter>
    </ClCompile>
    <ClCompile Include="Core\Component.cpp">
      <Filter>Source Files</Filter>
    </ClCompile>
    <ClCompile Include="Core\Debug.cpp">
      <Filter>Source Files</Filter>
    </ClCompile>
    <ClCompile Include="Core\Gameobject.cpp">
      <Filter>Source Files</Filter>
    </ClCompile>
    <ClCompile Include="Core\Gizmos.cpp">
      <Filter>Source Files</Filter>
    </ClCompile>
    <ClCompile Include="Core\Input.cpp">
      <Filter>Source Files</Filter>
    </ClCompile>
    <ClCompile Include="Core\Random.cpp">
      <Filter>Source Files</Filter>
    </ClCompile>
    <ClCompile Include="Core\Scene.cpp">
      <Filter>Source Files</Filter>
    </ClCompile>
    <ClCompile Include="Core\SceneManager.cpp">
      <Filter>Source Files</Filter>
    </ClCompile>
    <ClCompile Include="Core\Time.cpp">
      <Filter>Source Files</Filter>
    </ClCompile>
    <ClCompile Include="Core\UIElement.cpp">
      <Filter>Source Files</Filter>
    </ClCompile>
    <ClCompile Include="Core\Window.cpp">
      <Filter>Source Files</Filter>
    </ClCompile>
    <ClCompile Include="Core\Renderer.cpp">
      <Filter>Render</Filter>
    </ClCompile>
    <ClCompile Include="Core\ShapeRenderer.cpp">
      <Filter>Render</Filter>
    </ClCompile>
    <ClCompile Include="Core\SpriteRenderer.cpp">
      <Filter>Render</Filter>
    </ClCompile>
    <ClCompile Include="Core\TextRenderer.cpp">
      <Filter>Render</Filter>
    </ClCompile>
    <ClCompile Include="Core\Bounds.cpp">
      <Filter>Physics</Filter>
    </ClCompile>
    <ClCompile Include="Core\CircleCollider.cpp">
      <Filter>Physics</Filter>
    </ClCompile>
    <ClCompile Include="Core\Collider.cpp">
      <Filter>Physics</Filter>
    </ClCompile>
    <ClCompile Include="Core\Line.cpp">
      <Filter>Physics</Filter>
    </ClCompile>
    <ClCompile Include="Core\Mathf.cpp">
      <Filter>Physics</Filter>
    </ClCompile>
    <ClCompile Include="Core\Physics.cpp">
      <Filter>Physics</Filter>
    </ClCompile>
    <ClCompile Include="Core\RectCollider.cpp">
      <Filter>Physics</Filter>
    </ClCompile>
    <ClCompile Include="Core\Rigidbody.cpp">
      <Filter>Physics</Filter>
    </ClCompile>
    <ClCompile Include="Core\Audio.cpp">
      <Filter>Source Files</Filter>
    </ClCompile>
  </ItemGroup>
</Project>